// !$*UTF8*$!
{
	archiveVersion = 1;
	classes = {
	};
	objectVersion = 50;
	objects = {

/* Begin PBXBuildFile section */
		CB4A4110253F49AF0066CFB6 /* AppDelegate.swift in Sources */ = {isa = PBXBuildFile; fileRef = CB4A410F253F49AF0066CFB6 /* AppDelegate.swift */; };
		CB4A4112253F49AF0066CFB6 /* SceneDelegate.swift in Sources */ = {isa = PBXBuildFile; fileRef = CB4A4111253F49AF0066CFB6 /* SceneDelegate.swift */; };
		CB4A4114253F49AF0066CFB6 /* ContentView.swift in Sources */ = {isa = PBXBuildFile; fileRef = CB4A4113253F49AF0066CFB6 /* ContentView.swift */; };
		CB4A4116253F49B00066CFB6 /* Assets.xcassets in Resources */ = {isa = PBXBuildFile; fileRef = CB4A4115253F49B00066CFB6 /* Assets.xcassets */; };
		CB4A411C253F49B00066CFB6 /* LaunchScreen.storyboard in Resources */ = {isa = PBXBuildFile; fileRef = CB4A411A253F49B00066CFB6 /* LaunchScreen.storyboard */; };
		CBB40EDA2543C57000E80E29 /* User.swift in Sources */ = {isa = PBXBuildFile; fileRef = CBB40ED92543C57000E80E29 /* User.swift */; };
		CBB40EDD2543C58C00E80E29 /* Visit.swift in Sources */ = {isa = PBXBuildFile; fileRef = CBB40EDC2543C58C00E80E29 /* Visit.swift */; };
		CBB40EE22543C6C700E80E29 /* CardView.swift in Sources */ = {isa = PBXBuildFile; fileRef = CBB40EE12543C6C700E80E29 /* CardView.swift */; };
		CBB40EE62543D33100E80E29 /* VisitorInfoView.swift in Sources */ = {isa = PBXBuildFile; fileRef = CBB40EE52543D33100E80E29 /* VisitorInfoView.swift */; };
		CBB40EE92543DAA000E80E29 /* BarView.swift in Sources */ = {isa = PBXBuildFile; fileRef = CBB40EE82543DAA000E80E29 /* BarView.swift */; };
		CBFDF1392543BF5500A680EC /* ImageLabelView.swift in Sources */ = {isa = PBXBuildFile; fileRef = CBFDF1382543BF5500A680EC /* ImageLabelView.swift */; };
/* End PBXBuildFile section */

/* Begin PBXFileReference section */
		CB4A410C253F49AF0066CFB6 /* QuickCardSwiftUI.app */ = {isa = PBXFileReference; explicitFileType = wrapper.application; includeInIndex = 0; path = QuickCardSwiftUI.app; sourceTree = BUILT_PRODUCTS_DIR; };
		CB4A410F253F49AF0066CFB6 /* AppDelegate.swift */ = {isa = PBXFileReference; lastKnownFileType = sourcecode.swift; path = AppDelegate.swift; sourceTree = "<group>"; };
		CB4A4111253F49AF0066CFB6 /* SceneDelegate.swift */ = {isa = PBXFileReference; lastKnownFileType = sourcecode.swift; path = SceneDelegate.swift; sourceTree = "<group>"; };
		CB4A4113253F49AF0066CFB6 /* ContentView.swift */ = {isa = PBXFileReference; lastKnownFileType = sourcecode.swift; path = ContentView.swift; sourceTree = "<group>"; };
		CB4A4115253F49B00066CFB6 /* Assets.xcassets */ = {isa = PBXFileReference; lastKnownFileType = folder.assetcatalog; path = Assets.xcassets; sourceTree = "<group>"; };
		CB4A411B253F49B00066CFB6 /* Base */ = {isa = PBXFileReference; lastKnownFileType = file.storyboard; name = Base; path = Base.lproj/LaunchScreen.storyboard; sourceTree = "<group>"; };
		CB4A411D253F49B00066CFB6 /* Info.plist */ = {isa = PBXFileReference; lastKnownFileType = text.plist.xml; path = Info.plist; sourceTree = "<group>"; };
		CBB40ED92543C57000E80E29 /* User.swift */ = {isa = PBXFileReference; lastKnownFileType = sourcecode.swift; path = User.swift; sourceTree = "<group>"; };
		CBB40EDC2543C58C00E80E29 /* Visit.swift */ = {isa = PBXFileReference; lastKnownFileType = sourcecode.swift; path = Visit.swift; sourceTree = "<group>"; };
		CBB40EE12543C6C700E80E29 /* CardView.swift */ = {isa = PBXFileReference; lastKnownFileType = sourcecode.swift; path = CardView.swift; sourceTree = "<group>"; };
		CBB40EE52543D33100E80E29 /* VisitorInfoView.swift */ = {isa = PBXFileReference; lastKnownFileType = sourcecode.swift; path = VisitorInfoView.swift; sourceTree = "<group>"; };
		CBB40EE82543DAA000E80E29 /* BarView.swift */ = {isa = PBXFileReference; lastKnownFileType = sourcecode.swift; path = BarView.swift; sourceTree = "<group>"; };
		CBFDF1382543BF5500A680EC /* ImageLabelView.swift */ = {isa = PBXFileReference; lastKnownFileType = sourcecode.swift; path = ImageLabelView.swift; sourceTree = "<group>"; };
/* End PBXFileReference section */

/* Begin PBXFrameworksBuildPhase section */
		CB4A4109253F49AF0066CFB6 /* Frameworks */ = {
			isa = PBXFrameworksBuildPhase;
			buildActionMask = 2147483647;
			files = (
			);
			runOnlyForDeploymentPostprocessing = 0;
		};
/* End PBXFrameworksBuildPhase section */

/* Begin PBXGroup section */
		CB4A4103253F49AF0066CFB6 = {
			isa = PBXGroup;
			children = (
				CB4A410E253F49AF0066CFB6 /* QuickCardSwiftUI */,
				CB4A410D253F49AF0066CFB6 /* Products */,
			);
			sourceTree = "<group>";
		};
		CB4A410D253F49AF0066CFB6 /* Products */ = {
			isa = PBXGroup;
			children = (
				CB4A410C253F49AF0066CFB6 /* QuickCardSwiftUI.app */,
			);
			name = Products;
			sourceTree = "<group>";
		};
		CB4A410E253F49AF0066CFB6 /* QuickCardSwiftUI */ = {
			isa = PBXGroup;
			children = (
				CB4A4123253F49C50066CFB6 /* App Lifecycle */,
				CB4A4125253F4A370066CFB6 /* View */,
				CB4A4124253F4A220066CFB6 /* Resources */,
			);
			path = QuickCardSwiftUI;
			sourceTree = "<group>";
		};
		CB4A4123253F49C50066CFB6 /* App Lifecycle */ = {
			isa = PBXGroup;
			children = (
				CB4A410F253F49AF0066CFB6 /* AppDelegate.swift */,
				CB4A4111253F49AF0066CFB6 /* SceneDelegate.swift */,
			);
			path = "App Lifecycle";
			sourceTree = "<group>";
		};
		CB4A4124253F4A220066CFB6 /* Resources */ = {
			isa = PBXGroup;
			children = (
				CB4A4115253F49B00066CFB6 /* Assets.xcassets */,
				CB4A411A253F49B00066CFB6 /* LaunchScreen.storyboard */,
				CB4A411D253F49B00066CFB6 /* Info.plist */,
			);
			name = Resources;
			sourceTree = "<group>";
		};
		CB4A4125253F4A370066CFB6 /* View */ = {
			isa = PBXGroup;
			children = (
				CB4A4113253F49AF0066CFB6 /* ContentView.swift */,
				CBB40EE52543D33100E80E29 /* VisitorInfoView.swift */,
				CBB40EE82543DAA000E80E29 /* BarView.swift */,
				CBFDF1382543BF5500A680EC /* ImageLabelView.swift */,
				CBB40EE12543C6C700E80E29 /* CardView.swift */,
				CBB40EDF2543C6A900E80E29 /* Model */,
			);
			path = View;
			sourceTree = "<group>";
		};
		CBB40EDF2543C6A900E80E29 /* Model */ = {
			isa = PBXGroup;
			children = (
				CBB40ED92543C57000E80E29 /* User.swift */,
				CBB40EDC2543C58C00E80E29 /* Visit.swift */,
			);
			path = Model;
			sourceTree = "<group>";
		};
/* End PBXGroup section */

/* Begin PBXNativeTarget section */
		CB4A410B253F49AF0066CFB6 /* QuickCardSwiftUI */ = {
			isa = PBXNativeTarget;
			buildConfigurationList = CB4A4120253F49B00066CFB6 /* Build configuration list for PBXNativeTarget "QuickCardSwiftUI" */;
			buildPhases = (
				CB4A4108253F49AF0066CFB6 /* Sources */,
				CB4A4109253F49AF0066CFB6 /* Frameworks */,
				CB4A410A253F49AF0066CFB6 /* Resources */,
			);
			buildRules = (
			);
			dependencies = (
			);
			name = QuickCardSwiftUI;
			productName = GettingStartedSwiftUI;
			productReference = CB4A410C253F49AF0066CFB6 /* QuickCardSwiftUI.app */;
			productType = "com.apple.product-type.application";
		};
/* End PBXNativeTarget section */

/* Begin PBXProject section */
		CB4A4104253F49AF0066CFB6 /* Project object */ = {
			isa = PBXProject;
			attributes = {
				LastSwiftUpdateCheck = 1160;
				LastUpgradeCheck = 1210;
				ORGANIZATIONNAME = "Umer Khan";
				TargetAttributes = {
					CB4A410B253F49AF0066CFB6 = {
						CreatedOnToolsVersion = 11.6;
					};
				};
			};
			buildConfigurationList = CB4A4107253F49AF0066CFB6 /* Build configuration list for PBXProject "QuickCardSwiftUI" */;
			compatibilityVersion = "Xcode 9.3";
			developmentRegion = en;
			hasScannedForEncodings = 0;
			knownRegions = (
				en,
				Base,
			);
			mainGroup = CB4A4103253F49AF0066CFB6;
			productRefGroup = CB4A410D253F49AF0066CFB6 /* Products */;
			projectDirPath = "";
			projectRoot = "";
			targets = (
				CB4A410B253F49AF0066CFB6 /* QuickCardSwiftUI */,
			);
		};
/* End PBXProject section */

/* Begin PBXResourcesBuildPhase section */
		CB4A410A253F49AF0066CFB6 /* Resources */ = {
			isa = PBXResourcesBuildPhase;
			buildActionMask = 2147483647;
			files = (
				CB4A411C253F49B00066CFB6 /* LaunchScreen.storyboard in Resources */,
				CB4A4116253F49B00066CFB6 /* Assets.xcassets in Resources */,
			);
			runOnlyForDeploymentPostprocessing = 0;
		};
/* End PBXResourcesBuildPhase section */

/* Begin PBXSourcesBuildPhase section */
		CB4A4108253F49AF0066CFB6 /* Sources */ = {
			isa = PBXSourcesBuildPhase;
			buildActionMask = 2147483647;
			files = (
				CBB40EE92543DAA000E80E29 /* BarView.swift in Sources */,
				CBB40EE22543C6C700E80E29 /* CardView.swift in Sources */,
				CB4A4110253F49AF0066CFB6 /* AppDelegate.swift in Sources */,
				CBFDF1392543BF5500A680EC /* ImageLabelView.swift in Sources */,
				CB4A4112253F49AF0066CFB6 /* SceneDelegate.swift in Sources */,
				CBB40EDA2543C57000E80E29 /* User.swift in Sources */,
				CB4A4114253F49AF0066CFB6 /* ContentView.swift in Sources */,
				CBB40EDD2543C58C00E80E29 /* Visit.swift in Sources */,
				CBB40EE62543D33100E80E29 /* VisitorInfoView.swift in Sources */,
			);
			runOnlyForDeploymentPostprocessing = 0;
		};
/* End PBXSourcesBuildPhase section */

/* Begin PBXVariantGroup section */
		CB4A411A253F49B00066CFB6 /* LaunchScreen.storyboard */ = {
			isa = PBXVariantGroup;
			children = (
				CB4A411B253F49B00066CFB6 /* Base */,
			);
			name = LaunchScreen.storyboard;
			sourceTree = "<group>";
		};
/* End PBXVariantGroup section */

/* Begin XCBuildConfiguration section */
		CB4A411E253F49B00066CFB6 /* Debug */ = {
			isa = XCBuildConfiguration;
			buildSettings = {
				ALWAYS_SEARCH_USER_PATHS = NO;
				CLANG_ANALYZER_NONNULL = YES;
				CLANG_ANALYZER_NUMBER_OBJECT_CONVERSION = YES_AGGRESSIVE;
				CLANG_CXX_LANGUAGE_STANDARD = "gnu++14";
				CLANG_CXX_LIBRARY = "libc++";
				CLANG_ENABLE_MODULES = YES;
				CLANG_ENABLE_OBJC_ARC = YES;
				CLANG_ENABLE_OBJC_WEAK = YES;
				CLANG_WARN_BLOCK_CAPTURE_AUTORELEASING = YES;
				CLANG_WARN_BOOL_CONVERSION = YES;
				CLANG_WARN_COMMA = YES;
				CLANG_WARN_CONSTANT_CONVERSION = YES;
				CLANG_WARN_DEPRECATED_OBJC_IMPLEMENTATIONS = YES;
				CLANG_WARN_DIRECT_OBJC_ISA_USAGE = YES_ERROR;
				CLANG_WARN_DOCUMENTATION_COMMENTS = YES;
				CLANG_WARN_EMPTY_BODY = YES;
				CLANG_WARN_ENUM_CONVERSION = YES;
				CLANG_WARN_INFINITE_RECURSION = YES;
				CLANG_WARN_INT_CONVERSION = YES;
				CLANG_WARN_NON_LITERAL_NULL_CONVERSION = YES;
				CLANG_WARN_OBJC_IMPLICIT_RETAIN_SELF = YES;
				CLANG_WARN_OBJC_LITERAL_CONVERSION = YES;
				CLANG_WARN_OBJC_ROOT_CLASS = YES_ERROR;
				CLANG_WARN_QUOTED_INCLUDE_IN_FRAMEWORK_HEADER = YES;
				CLANG_WARN_RANGE_LOOP_ANALYSIS = YES;
				CLANG_WARN_STRICT_PROTOTYPES = YES;
				CLANG_WARN_SUSPICIOUS_MOVE = YES;
				CLANG_WARN_UNGUARDED_AVAILABILITY = YES_AGGRESSIVE;
				CLANG_WARN_UNREACHABLE_CODE = YES;
				CLANG_WARN__DUPLICATE_METHOD_MATCH = YES;
				COPY_PHASE_STRIP = NO;
				DEBUG_INFORMATION_FORMAT = dwarf;
				ENABLE_STRICT_OBJC_MSGSEND = YES;
				ENABLE_TESTABILITY = YES;
				GCC_C_LANGUAGE_STANDARD = gnu11;
				GCC_DYNAMIC_NO_PIC = NO;
				GCC_NO_COMMON_BLOCKS = YES;
				GCC_OPTIMIZATION_LEVEL = 0;
				GCC_PREPROCESSOR_DEFINITIONS = (
					"DEBUG=1",
					"$(inherited)",
				);
				GCC_WARN_64_TO_32_BIT_CONVERSION = YES;
				GCC_WARN_ABOUT_RETURN_TYPE = YES_ERROR;
				GCC_WARN_UNDECLARED_SELECTOR = YES;
				GCC_WARN_UNINITIALIZED_AUTOS = YES_AGGRESSIVE;
				GCC_WARN_UNUSED_FUNCTION = YES;
				GCC_WARN_UNUSED_VARIABLE = YES;
				IPHONEOS_DEPLOYMENT_TARGET = 13.6;
				MTL_ENABLE_DEBUG_INFO = INCLUDE_SOURCE;
				MTL_FAST_MATH = YES;
				ONLY_ACTIVE_ARCH = YES;
				SDKROOT = iphoneos;
				SWIFT_ACTIVE_COMPILATION_CONDITIONS = DEBUG;
				SWIFT_OPTIMIZATION_LEVEL = "-Onone";
			};
			name = Debug;
		};
		CB4A411F253F49B00066CFB6 /* Release */ = {
			isa = XCBuildConfiguration;
			buildSettings = {
				ALWAYS_SEARCH_USER_PATHS = NO;
				CLANG_ANALYZER_NONNULL = YES;
				CLANG_ANALYZER_NUMBER_OBJECT_CONVERSION = YES_AGGRESSIVE;
				CLANG_CXX_LANGUAGE_STANDARD = "gnu++14";
				CLANG_CXX_LIBRARY = "libc++";
				CLANG_ENABLE_MODULES = YES;
				CLANG_ENABLE_OBJC_ARC = YES;
				CLANG_ENABLE_OBJC_WEAK = YES;
				CLANG_WARN_BLOCK_CAPTURE_AUTORELEASING = YES;
				CLANG_WARN_BOOL_CONVERSION = YES;
				CLANG_WARN_COMMA = YES;
				CLANG_WARN_CONSTANT_CONVERSION = YES;
				CLANG_WARN_DEPRECATED_OBJC_IMPLEMENTATIONS = YES;
				CLANG_WARN_DIRECT_OBJC_ISA_USAGE = YES_ERROR;
				CLANG_WARN_DOCUMENTATION_COMMENTS = YES;
				CLANG_WARN_EMPTY_BODY = YES;
				CLANG_WARN_ENUM_CONVERSION = YES;
				CLANG_WARN_INFINITE_RECURSION = YES;
				CLANG_WARN_INT_CONVERSION = YES;
				CLANG_WARN_NON_LITERAL_NULL_CONVERSION = YES;
				CLANG_WARN_OBJC_IMPLICIT_RETAIN_SELF = YES;
				CLANG_WARN_OBJC_LITERAL_CONVERSION = YES;
				CLANG_WARN_OBJC_ROOT_CLASS = YES_ERROR;
				CLANG_WARN_QUOTED_INCLUDE_IN_FRAMEWORK_HEADER = YES;
				CLANG_WARN_RANGE_LOOP_ANALYSIS = YES;
				CLANG_WARN_STRICT_PROTOTYPES = YES;
				CLANG_WARN_SUSPICIOUS_MOVE = YES;
				CLANG_WARN_UNGUARDED_AVAILABILITY = YES_AGGRESSIVE;
				CLANG_WARN_UNREACHABLE_CODE = YES;
				CLANG_WARN__DUPLICATE_METHOD_MATCH = YES;
				COPY_PHASE_STRIP = NO;
				DEBUG_INFORMATION_FORMAT = "dwarf-with-dsym";
				ENABLE_NS_ASSERTIONS = NO;
				ENABLE_STRICT_OBJC_MSGSEND = YES;
				GCC_C_LANGUAGE_STANDARD = gnu11;
				GCC_NO_COMMON_BLOCKS = YES;
				GCC_WARN_64_TO_32_BIT_CONVERSION = YES;
				GCC_WARN_ABOUT_RETURN_TYPE = YES_ERROR;
				GCC_WARN_UNDECLARED_SELECTOR = YES;
				GCC_WARN_UNINITIALIZED_AUTOS = YES_AGGRESSIVE;
				GCC_WARN_UNUSED_FUNCTION = YES;
				GCC_WARN_UNUSED_VARIABLE = YES;
				IPHONEOS_DEPLOYMENT_TARGET = 13.6;
				MTL_ENABLE_DEBUG_INFO = NO;
				MTL_FAST_MATH = YES;
				SDKROOT = iphoneos;
				SWIFT_COMPILATION_MODE = wholemodule;
				SWIFT_OPTIMIZATION_LEVEL = "-O";
				VALIDATE_PRODUCT = YES;
			};
			name = Release;
		};
		CB4A4121253F49B00066CFB6 /* Debug */ = {
			isa = XCBuildConfiguration;
			buildSettings = {
				ASSETCATALOG_COMPILER_APPICON_NAME = AppIcon;
				CODE_SIGN_STYLE = Automatic;
				DEVELOPMENT_TEAM = 646XC4LJ39;
				ENABLE_PREVIEWS = YES;
				INFOPLIST_FILE = "$(SRCROOT)/QuickCardSwiftUI/Info.plist";
				IPHONEOS_DEPLOYMENT_TARGET = 13.0;
				LD_RUNPATH_SEARCH_PATHS = (
					"$(inherited)",
					"@executable_path/Frameworks",
				);
				PRODUCT_BUNDLE_IDENTIFIER = com.developers.GettingStartedSwiftUI;
				PRODUCT_NAME = QuickCardSwiftUI;
				SWIFT_VERSION = 5.0;
				TARGETED_DEVICE_FAMILY = 1;
			};
			name = Debug;
		};
		CB4A4122253F49B00066CFB6 /* Release */ = {
			isa = XCBuildConfiguration;
			buildSettings = {
				ASSETCATALOG_COMPILER_APPICON_NAME = AppIcon;
				CODE_SIGN_STYLE = Automatic;
				DEVELOPMENT_TEAM = 646XC4LJ39;
				ENABLE_PREVIEWS = YES;
				INFOPLIST_FILE = "$(SRCROOT)/QuickCardSwiftUI/Info.plist";
				IPHONEOS_DEPLOYMENT_TARGET = 13.0;
				LD_RUNPATH_SEARCH_PATHS = (
					"$(inherited)",
					"@executable_path/Frameworks",
				);
				PRODUCT_BUNDLE_IDENTIFIER = com.developers.GettingStartedSwiftUI;
				PRODUCT_NAME = QuickCardSwiftUI;
				SWIFT_VERSION = 5.0;
				TARGETED_DEVICE_FAMILY = 1;
			};
			name = Release;
		};
/* End XCBuildConfiguration section */

/* Begin XCConfigurationList section */
		CB4A4107253F49AF0066CFB6 /* Build configuration list for PBXProject "QuickCardSwiftUI" */ = {
			isa = XCConfigurationList;
			buildConfigurations = (
				CB4A411E253F49B00066CFB6 /* Debug */,
				CB4A411F253F49B00066CFB6 /* Release */,
			);
			defaultConfigurationIsVisible = 0;
			defaultConfigurationName = Release;
		};
		CB4A4120253F49B00066CFB6 /* Build configuration list for PBXNativeTarget "QuickCardSwiftUI" */ = {
			isa = XCConfigurationList;
			buildConfigurations = (
				CB4A4121253F49B00066CFB6 /* Debug */,
				CB4A4122253F49B00066CFB6 /* Release */,
			);
			defaultConfigurationIsVisible = 0;
			defaultConfigurationName = Release;
		};
/* End XCConfigurationList section */
	};
	rootObject = CB4A4104253F49AF0066CFB6 /* Project object */;
}
